// !$*UTF8*$!
{
	archiveVersion = 1;
	classes = {
	};
	objectVersion = 50;
	objects = {

/* Begin PBXBuildFile section */
		2620BF95223B9A7700A415F9 /* UserProfile.swift in Sources */ = {isa = PBXBuildFile; fileRef = 2620BF94223B9A7700A415F9 /* UserProfile.swift */; };
		2620BF97223B9AC300A415F9 /* UserService.swift in Sources */ = {isa = PBXBuildFile; fileRef = 2620BF96223B9AC300A415F9 /* UserService.swift */; };
		262AF3DB224E1A0000D2458C /* Post.swift in Sources */ = {isa = PBXBuildFile; fileRef = 262AF3DA224E1A0000D2458C /* Post.swift */; };
		26BE673921FF3ABF00BBC446 /* AppDelegate.swift in Sources */ = {isa = PBXBuildFile; fileRef = 26BE673821FF3ABF00BBC446 /* AppDelegate.swift */; };
		26BE673B21FF3ABF00BBC446 /* ViewController.swift in Sources */ = {isa = PBXBuildFile; fileRef = 26BE673A21FF3ABF00BBC446 /* ViewController.swift */; };
		26BE673E21FF3ABF00BBC446 /* Main.storyboard in Resources */ = {isa = PBXBuildFile; fileRef = 26BE673C21FF3ABF00BBC446 /* Main.storyboard */; };
		26BE674021FF3AC000BBC446 /* Assets.xcassets in Resources */ = {isa = PBXBuildFile; fileRef = 26BE673F21FF3AC000BBC446 /* Assets.xcassets */; };
		26BE674321FF3AC000BBC446 /* LaunchScreen.storyboard in Resources */ = {isa = PBXBuildFile; fileRef = 26BE674121FF3AC000BBC446 /* LaunchScreen.storyboard */; };
		26BE674B21FF3C6A00BBC446 /* GoogleService-Info.plist in Resources */ = {isa = PBXBuildFile; fileRef = 26BE674A21FF3C6A00BBC446 /* GoogleService-Info.plist */; };
		26BE674D21FF61C000BBC446 /* SignupPage.swift in Sources */ = {isa = PBXBuildFile; fileRef = 26BE674C21FF61C000BBC446 /* SignupPage.swift */; };
		26CDE06C221C0B3E0031F1ED /* ComposeViewController.swift in Sources */ = {isa = PBXBuildFile; fileRef = 26CDE06B221C0B3E0031F1ED /* ComposeViewController.swift */; };
		26CDE06E221C14900031F1ED /* 15039441_1806468766301854_739751198637822941_o.jpg in Resources */ = {isa = PBXBuildFile; fileRef = 26CDE06D221C14900031F1ED /* 15039441_1806468766301854_739751198637822941_o.jpg */; };
		26CDE072221E97440031F1ED /* 3.jpg in Resources */ = {isa = PBXBuildFile; fileRef = 26CDE06F221E97440031F1ED /* 3.jpg */; };
		26CDE073221E97440031F1ED /* 1.jpg in Resources */ = {isa = PBXBuildFile; fileRef = 26CDE070221E97440031F1ED /* 1.jpg */; };
		26CDE074221E97440031F1ED /* 2.jpg in Resources */ = {isa = PBXBuildFile; fileRef = 26CDE071221E97440031F1ED /* 2.jpg */; };
		26CDE076221E9CC30031F1ED /* QuestionPage.swift in Sources */ = {isa = PBXBuildFile; fileRef = 26CDE075221E9CC30031F1ED /* QuestionPage.swift */; };
		26F1BE122200B3EB005736BE /* HomeViewController.swift in Sources */ = {isa = PBXBuildFile; fileRef = 26F1BE112200B3EB005736BE /* HomeViewController.swift */; };
		26F1BE142200B928005736BE /* HomeTableViewCell.swift in Sources */ = {isa = PBXBuildFile; fileRef = 26F1BE132200B928005736BE /* HomeTableViewCell.swift */; };
		82E16E74D7D42DD30775EA3B /* Pods_DevHUB.framework in Frameworks */ = {isa = PBXBuildFile; fileRef = 266E5EF1C98EE48627F1AE19 /* Pods_DevHUB.framework */; };
/* End PBXBuildFile section */

/* Begin PBXFileReference section */
		2620BF94223B9A7700A415F9 /* UserProfile.swift */ = {isa = PBXFileReference; lastKnownFileType = sourcecode.swift; path = UserProfile.swift; sourceTree = "<group>"; };
		2620BF96223B9AC300A415F9 /* UserService.swift */ = {isa = PBXFileReference; lastKnownFileType = sourcecode.swift; path = UserService.swift; sourceTree = "<group>"; };
		262AF3DA224E1A0000D2458C /* Post.swift */ = {isa = PBXFileReference; lastKnownFileType = sourcecode.swift; path = Post.swift; sourceTree = "<group>"; };
		266E5EF1C98EE48627F1AE19 /* Pods_DevHUB.framework */ = {isa = PBXFileReference; explicitFileType = wrapper.framework; includeInIndex = 0; path = Pods_DevHUB.framework; sourceTree = BUILT_PRODUCTS_DIR; };
		26BE673521FF3ABF00BBC446 /* DevHUB.app */ = {isa = PBXFileReference; explicitFileType = wrapper.application; includeInIndex = 0; path = DevHUB.app; sourceTree = BUILT_PRODUCTS_DIR; };
		26BE673821FF3ABF00BBC446 /* AppDelegate.swift */ = {isa = PBXFileReference; lastKnownFileType = sourcecode.swift; path = AppDelegate.swift; sourceTree = "<group>"; };
		26BE673A21FF3ABF00BBC446 /* ViewController.swift */ = {isa = PBXFileReference; lastKnownFileType = sourcecode.swift; path = ViewController.swift; sourceTree = "<group>"; };
		26BE673D21FF3ABF00BBC446 /* Base */ = {isa = PBXFileReference; lastKnownFileType = file.storyboard; name = Base; path = Base.lproj/Main.storyboard; sourceTree = "<group>"; };
		26BE673F21FF3AC000BBC446 /* Assets.xcassets */ = {isa = PBXFileReference; lastKnownFileType = folder.assetcatalog; path = Assets.xcassets; sourceTree = "<group>"; };
		26BE674221FF3AC000BBC446 /* Base */ = {isa = PBXFileReference; lastKnownFileType = file.storyboard; name = Base; path = Base.lproj/LaunchScreen.storyboard; sourceTree = "<group>"; };
		26BE674421FF3AC000BBC446 /* Info.plist */ = {isa = PBXFileReference; lastKnownFileType = text.plist.xml; path = Info.plist; sourceTree = "<group>"; };
		26BE674A21FF3C6A00BBC446 /* GoogleService-Info.plist */ = {isa = PBXFileReference; fileEncoding = 4; lastKnownFileType = text.plist.xml; path = "GoogleService-Info.plist"; sourceTree = "<group>"; };
		26BE674C21FF61C000BBC446 /* SignupPage.swift */ = {isa = PBXFileReference; lastKnownFileType = sourcecode.swift; path = SignupPage.swift; sourceTree = "<group>"; };
		26CDE06B221C0B3E0031F1ED /* ComposeViewController.swift */ = {isa = PBXFileReference; lastKnownFileType = sourcecode.swift; path = ComposeViewController.swift; sourceTree = "<group>"; };
		26CDE06D221C14900031F1ED /* 15039441_1806468766301854_739751198637822941_o.jpg */ = {isa = PBXFileReference; lastKnownFileType = image.jpeg; path = 15039441_1806468766301854_739751198637822941_o.jpg; sourceTree = "<group>"; };
		26CDE06F221E97440031F1ED /* 3.jpg */ = {isa = PBXFileReference; lastKnownFileType = image.jpeg; path = 3.jpg; sourceTree = "<group>"; };
		26CDE070221E97440031F1ED /* 1.jpg */ = {isa = PBXFileReference; lastKnownFileType = image.jpeg; path = 1.jpg; sourceTree = "<group>"; };
		26CDE071221E97440031F1ED /* 2.jpg */ = {isa = PBXFileReference; lastKnownFileType = image.jpeg; path = 2.jpg; sourceTree = "<group>"; };
		26CDE075221E9CC30031F1ED /* QuestionPage.swift */ = {isa = PBXFileReference; lastKnownFileType = sourcecode.swift; path = QuestionPage.swift; sourceTree = "<group>"; };
		26F1BE112200B3EB005736BE /* HomeViewController.swift */ = {isa = PBXFileReference; lastKnownFileType = sourcecode.swift; path = HomeViewController.swift; sourceTree = "<group>"; };
		26F1BE132200B928005736BE /* HomeTableViewCell.swift */ = {isa = PBXFileReference; lastKnownFileType = sourcecode.swift; path = HomeTableViewCell.swift; sourceTree = "<group>"; };
		9AB36DF5C7FE693796820BF2 /* Pods-DevHUB.release.xcconfig */ = {isa = PBXFileReference; includeInIndex = 1; lastKnownFileType = text.xcconfig; name = "Pods-DevHUB.release.xcconfig"; path = "Pods/Target Support Files/Pods-DevHUB/Pods-DevHUB.release.xcconfig"; sourceTree = "<group>"; };
		F14D87587A01465030173EE8 /* Pods-DevHUB.debug.xcconfig */ = {isa = PBXFileReference; includeInIndex = 1; lastKnownFileType = text.xcconfig; name = "Pods-DevHUB.debug.xcconfig"; path = "Pods/Target Support Files/Pods-DevHUB/Pods-DevHUB.debug.xcconfig"; sourceTree = "<group>"; };
/* End PBXFileReference section */

/* Begin PBXFrameworksBuildPhase section */
		26BE673221FF3ABF00BBC446 /* Frameworks */ = {
			isa = PBXFrameworksBuildPhase;
			buildActionMask = 2147483647;
			files = (
				82E16E74D7D42DD30775EA3B /* Pods_DevHUB.framework in Frameworks */,
			);
			runOnlyForDeploymentPostprocessing = 0;
		};
/* End PBXFrameworksBuildPhase section */

/* Begin PBXGroup section */
		26BE672C21FF3ABF00BBC446 = {
			isa = PBXGroup;
			children = (
				26BE673721FF3ABF00BBC446 /* DevHUB */,
				26BE673621FF3ABF00BBC446 /* Products */,
				C303BE3BAFA43B31EBB3BB76 /* Pods */,
				A6D2C12948068AC0C11C0305 /* Frameworks */,
			);
			sourceTree = "<group>";
		};
		26BE673621FF3ABF00BBC446 /* Products */ = {
			isa = PBXGroup;
			children = (
				26BE673521FF3ABF00BBC446 /* DevHUB.app */,
			);
			name = Products;
			sourceTree = "<group>";
		};
		26BE673721FF3ABF00BBC446 /* DevHUB */ = {
			isa = PBXGroup;
			children = (
				26BE673821FF3ABF00BBC446 /* AppDelegate.swift */,
				26BE673A21FF3ABF00BBC446 /* ViewController.swift */,
				26BE673C21FF3ABF00BBC446 /* Main.storyboard */,
				26CDE077221E9CCD0031F1ED /* Custom Classes */,
				26BE673F21FF3AC000BBC446 /* Assets.xcassets */,
				26BE674121FF3AC000BBC446 /* LaunchScreen.storyboard */,
				26BE674421FF3AC000BBC446 /* Info.plist */,
				26BE674A21FF3C6A00BBC446 /* GoogleService-Info.plist */,
				26CDE06D221C14900031F1ED /* 15039441_1806468766301854_739751198637822941_o.jpg */,
				26CDE070221E97440031F1ED /* 1.jpg */,
				26CDE071221E97440031F1ED /* 2.jpg */,
				26CDE06F221E97440031F1ED /* 3.jpg */,
			);
			path = DevHUB;
			sourceTree = "<group>";
		};
		26CDE077221E9CCD0031F1ED /* Custom Classes */ = {
			isa = PBXGroup;
			children = (
				26BE674C21FF61C000BBC446 /* SignupPage.swift */,
				26F1BE112200B3EB005736BE /* HomeViewController.swift */,
				26F1BE132200B928005736BE /* HomeTableViewCell.swift */,
				26CDE06B221C0B3E0031F1ED /* ComposeViewController.swift */,
				26CDE075221E9CC30031F1ED /* QuestionPage.swift */,
				2620BF94223B9A7700A415F9 /* UserProfile.swift */,
				2620BF96223B9AC300A415F9 /* UserService.swift */,
				262AF3DA224E1A0000D2458C /* Post.swift */,
			);
			path = "Custom Classes";
			sourceTree = "<group>";
		};
		A6D2C12948068AC0C11C0305 /* Frameworks */ = {
			isa = PBXGroup;
			children = (
				266E5EF1C98EE48627F1AE19 /* Pods_DevHUB.framework */,
			);
			name = Frameworks;
			sourceTree = "<group>";
		};
		C303BE3BAFA43B31EBB3BB76 /* Pods */ = {
			isa = PBXGroup;
			children = (
				F14D87587A01465030173EE8 /* Pods-DevHUB.debug.xcconfig */,
				9AB36DF5C7FE693796820BF2 /* Pods-DevHUB.release.xcconfig */,
			);
			name = Pods;
			sourceTree = "<group>";
		};
/* End PBXGroup section */

/* Begin PBXNativeTarget section */
		26BE673421FF3ABF00BBC446 /* DevHUB */ = {
			isa = PBXNativeTarget;
			buildConfigurationList = 26BE674721FF3AC000BBC446 /* Build configuration list for PBXNativeTarget "DevHUB" */;
			buildPhases = (
				87BE47CF25EF6E649AF796B8 /* [CP] Check Pods Manifest.lock */,
				26BE673121FF3ABF00BBC446 /* Sources */,
				26BE673221FF3ABF00BBC446 /* Frameworks */,
				26BE673321FF3ABF00BBC446 /* Resources */,
				A31EAB0F9F26311FE9F4BC1A /* [CP] Embed Pods Frameworks */,
			);
			buildRules = (
			);
			dependencies = (
			);
			name = DevHUB;
			productName = DevHUB;
			productReference = 26BE673521FF3ABF00BBC446 /* DevHUB.app */;
			productType = "com.apple.product-type.application";
		};
/* End PBXNativeTarget section */

/* Begin PBXProject section */
		26BE672D21FF3ABF00BBC446 /* Project object */ = {
			isa = PBXProject;
			attributes = {
				LastSwiftUpdateCheck = 1010;
				LastUpgradeCheck = 1010;
				ORGANIZATIONNAME = "Rohit Ransore";
				TargetAttributes = {
					26BE673421FF3ABF00BBC446 = {
						CreatedOnToolsVersion = 10.1;
					};
				};
			};
			buildConfigurationList = 26BE673021FF3ABF00BBC446 /* Build configuration list for PBXProject "DevHUB" */;
			compatibilityVersion = "Xcode 9.3";
			developmentRegion = en;
			hasScannedForEncodings = 0;
			knownRegions = (
				en,
				Base,
			);
			mainGroup = 26BE672C21FF3ABF00BBC446;
			productRefGroup = 26BE673621FF3ABF00BBC446 /* Products */;
			projectDirPath = "";
			projectRoot = "";
			targets = (
				26BE673421FF3ABF00BBC446 /* DevHUB */,
			);
		};
/* End PBXProject section */

/* Begin PBXResourcesBuildPhase section */
		26BE673321FF3ABF00BBC446 /* Resources */ = {
			isa = PBXResourcesBuildPhase;
			buildActionMask = 2147483647;
			files = (
				26BE674321FF3AC000BBC446 /* LaunchScreen.storyboard in Resources */,
				26BE674B21FF3C6A00BBC446 /* GoogleService-Info.plist in Resources */,
				26BE674021FF3AC000BBC446 /* Assets.xcassets in Resources */,
				26CDE072221E97440031F1ED /* 3.jpg in Resources */,
				26CDE06E221C14900031F1ED /* 15039441_1806468766301854_739751198637822941_o.jpg in Resources */,
				26BE673E21FF3ABF00BBC446 /* Main.storyboard in Resources */,
				26CDE074221E97440031F1ED /* 2.jpg in Resources */,
				26CDE073221E97440031F1ED /* 1.jpg in Resources */,
			);
			runOnlyForDeploymentPostprocessing = 0;
		};
/* End PBXResourcesBuildPhase section */

/* Begin PBXShellScriptBuildPhase section */
		87BE47CF25EF6E649AF796B8 /* [CP] Check Pods Manifest.lock */ = {
			isa = PBXShellScriptBuildPhase;
			buildActionMask = 2147483647;
			files = (
			);
			inputFileListPaths = (
			);
			inputPaths = (
				"${PODS_PODFILE_DIR_PATH}/Podfile.lock",
				"${PODS_ROOT}/Manifest.lock",
			);
			name = "[CP] Check Pods Manifest.lock";
			outputFileListPaths = (
			);
			outputPaths = (
				"$(DERIVED_FILE_DIR)/Pods-DevHUB-checkManifestLockResult.txt",
			);
			runOnlyForDeploymentPostprocessing = 0;
			shellPath = /bin/sh;
			shellScript = "diff \"${PODS_PODFILE_DIR_PATH}/Podfile.lock\" \"${PODS_ROOT}/Manifest.lock\" > /dev/null\nif [ $? != 0 ] ; then\n    # print error to STDERR\n    echo \"error: The sandbox is not in sync with the Podfile.lock. Run 'pod install' or update your CocoaPods installation.\" >&2\n    exit 1\nfi\n# This output is used by Xcode 'outputs' to avoid re-running this script phase.\necho \"SUCCESS\" > \"${SCRIPT_OUTPUT_FILE_0}\"\n";
			showEnvVarsInLog = 0;
		};
		A31EAB0F9F26311FE9F4BC1A /* [CP] Embed Pods Frameworks */ = {
			isa = PBXShellScriptBuildPhase;
			buildActionMask = 2147483647;
			files = (
			);
			inputFileListPaths = (
			);
			inputPaths = (
				"${SRCROOT}/Pods/Target Support Files/Pods-DevHUB/Pods-DevHUB-frameworks.sh",
				"${BUILT_PRODUCTS_DIR}/GTMSessionFetcher/GTMSessionFetcher.framework",
				"${BUILT_PRODUCTS_DIR}/GoogleUtilities/GoogleUtilities.framework",
				"${BUILT_PRODUCTS_DIR}/leveldb-library/leveldb.framework",
				"${BUILT_PRODUCTS_DIR}/nanopb/nanopb.framework",
			);
			name = "[CP] Embed Pods Frameworks";
			outputFileListPaths = (
			);
			outputPaths = (
				"${TARGET_BUILD_DIR}/${FRAMEWORKS_FOLDER_PATH}/GTMSessionFetcher.framework",
				"${TARGET_BUILD_DIR}/${FRAMEWORKS_FOLDER_PATH}/GoogleUtilities.framework",
				"${TARGET_BUILD_DIR}/${FRAMEWORKS_FOLDER_PATH}/leveldb.framework",
				"${TARGET_BUILD_DIR}/${FRAMEWORKS_FOLDER_PATH}/nanopb.framework",
			);
			runOnlyForDeploymentPostprocessing = 0;
			shellPath = /bin/sh;
			shellScript = "\"${SRCROOT}/Pods/Target Support Files/Pods-DevHUB/Pods-DevHUB-frameworks.sh\"\n";
			showEnvVarsInLog = 0;
		};
/* End PBXShellScriptBuildPhase section */

/* Begin PBXSourcesBuildPhase section */
		26BE673121FF3ABF00BBC446 /* Sources */ = {
			isa = PBXSourcesBuildPhase;
			buildActionMask = 2147483647;
			files = (
				26BE673B21FF3ABF00BBC446 /* ViewController.swift in Sources */,
				26CDE076221E9CC30031F1ED /* QuestionPage.swift in Sources */,
				2620BF97223B9AC300A415F9 /* UserService.swift in Sources */,
				26F1BE142200B928005736BE /* HomeTableViewCell.swift in Sources */,
				26BE673921FF3ABF00BBC446 /* AppDelegate.swift in Sources */,
				2620BF95223B9A7700A415F9 /* UserProfile.swift in Sources */,
				26CDE06C221C0B3E0031F1ED /* ComposeViewController.swift in Sources */,
				26BE674D21FF61C000BBC446 /* SignupPage.swift in Sources */,
				26F1BE122200B3EB005736BE /* HomeViewController.swift in Sources */,
				262AF3DB224E1A0000D2458C /* Post.swift in Sources */,
			);
			runOnlyForDeploymentPostprocessing = 0;
		};
/* End PBXSourcesBuildPhase section */

/* Begin PBXVariantGroup section */
		26BE673C21FF3ABF00BBC446 /* Main.storyboard */ = {
			isa = PBXVariantGroup;
			children = (
				26BE673D21FF3ABF00BBC446 /* Base */,
			);
			name = Main.storyboard;
			sourceTree = "<group>";
		};
		26BE674121FF3AC000BBC446 /* LaunchScreen.storyboard */ = {
			isa = PBXVariantGroup;
			children = (
				26BE674221FF3AC000BBC446 /* Base */,
			);
			name = LaunchScreen.storyboard;
			sourceTree = "<group>";
		};
/* End PBXVariantGroup section */

/* Begin XCBuildConfiguration section */
		26BE674521FF3AC000BBC446 /* Debug */ = {
			isa = XCBuildConfiguration;
			buildSettings = {
				ALWAYS_SEARCH_USER_PATHS = NO;
				CLANG_ANALYZER_NONNULL = YES;
				CLANG_ANALYZER_NUMBER_OBJECT_CONVERSION = YES_AGGRESSIVE;
				CLANG_CXX_LANGUAGE_STANDARD = "gnu++14";
				CLANG_CXX_LIBRARY = "libc++";
				CLANG_ENABLE_MODULES = YES;
				CLANG_ENABLE_OBJC_ARC = YES;
				CLANG_ENABLE_OBJC_WEAK = YES;
				CLANG_WARN_BLOCK_CAPTURE_AUTORELEASING = YES;
				CLANG_WARN_BOOL_CONVERSION = YES;
				CLANG_WARN_COMMA = YES;
				CLANG_WARN_CONSTANT_CONVERSION = YES;
				CLANG_WARN_DEPRECATED_OBJC_IMPLEMENTATIONS = YES;
				CLANG_WARN_DIRECT_OBJC_ISA_USAGE = YES_ERROR;
				CLANG_WARN_DOCUMENTATION_COMMENTS = YES;
				CLANG_WARN_EMPTY_BODY = YES;
				CLANG_WARN_ENUM_CONVERSION = YES;
				CLANG_WARN_INFINITE_RECURSION = YES;
				CLANG_WARN_INT_CONVERSION = YES;
				CLANG_WARN_NON_LITERAL_NULL_CONVERSION = YES;
				CLANG_WARN_OBJC_IMPLICIT_RETAIN_SELF = YES;
				CLANG_WARN_OBJC_LITERAL_CONVERSION = YES;
				CLANG_WARN_OBJC_ROOT_CLASS = YES_ERROR;
				CLANG_WARN_RANGE_LOOP_ANALYSIS = YES;
				CLANG_WARN_STRICT_PROTOTYPES = YES;
				CLANG_WARN_SUSPICIOUS_MOVE = YES;
				CLANG_WARN_UNGUARDED_AVAILABILITY = YES_AGGRESSIVE;
				CLANG_WARN_UNREACHABLE_CODE = YES;
				CLANG_WARN__DUPLICATE_METHOD_MATCH = YES;
				CODE_SIGN_IDENTITY = "iPhone Developer";
				COPY_PHASE_STRIP = NO;
				DEBUG_INFORMATION_FORMAT = dwarf;
				ENABLE_STRICT_OBJC_MSGSEND = YES;
				ENABLE_TESTABILITY = YES;
				GCC_C_LANGUAGE_STANDARD = gnu11;
				GCC_DYNAMIC_NO_PIC = NO;
				GCC_NO_COMMON_BLOCKS = YES;
				GCC_OPTIMIZATION_LEVEL = 0;
				GCC_PREPROCESSOR_DEFINITIONS = (
					"DEBUG=1",
					"$(inherited)",
				);
				GCC_WARN_64_TO_32_BIT_CONVERSION = YES;
				GCC_WARN_ABOUT_RETURN_TYPE = YES_ERROR;
				GCC_WARN_UNDECLARED_SELECTOR = YES;
				GCC_WARN_UNINITIALIZED_AUTOS = YES_AGGRESSIVE;
				GCC_WARN_UNUSED_FUNCTION = YES;
				GCC_WARN_UNUSED_VARIABLE = YES;
				IPHONEOS_DEPLOYMENT_TARGET = 12.1;
				MTL_ENABLE_DEBUG_INFO = INCLUDE_SOURCE;
				MTL_FAST_MATH = YES;
				ONLY_ACTIVE_ARCH = YES;
				SDKROOT = iphoneos;
				SWIFT_ACTIVE_COMPILATION_CONDITIONS = DEBUG;
				SWIFT_OPTIMIZATION_LEVEL = "-Onone";
			};
			name = Debug;
		};
		26BE674621FF3AC000BBC446 /* Release */ = {
			isa = XCBuildConfiguration;
			buildSettings = {
				ALWAYS_SEARCH_USER_PATHS = NO;
				CLANG_ANALYZER_NONNULL = YES;
				CLANG_ANALYZER_NUMBER_OBJECT_CONVERSION = YES_AGGRESSIVE;
				CLANG_CXX_LANGUAGE_STANDARD = "gnu++14";
				CLANG_CXX_LIBRARY = "libc++";
				CLANG_ENABLE_MODULES = YES;
				CLANG_ENABLE_OBJC_ARC = YES;
				CLANG_ENABLE_OBJC_WEAK = YES;
				CLANG_WARN_BLOCK_CAPTURE_AUTORELEASING = YES;
				CLANG_WARN_BOOL_CONVERSION = YES;
				CLANG_WARN_COMMA = YES;
				CLANG_WARN_CONSTANT_CONVERSION = YES;
				CLANG_WARN_DEPRECATED_OBJC_IMPLEMENTATIONS = YES;
				CLANG_WARN_DIRECT_OBJC_ISA_USAGE = YES_ERROR;
				CLANG_WARN_DOCUMENTATION_COMMENTS = YES;
				CLANG_WARN_EMPTY_BODY = YES;
				CLANG_WARN_ENUM_CONVERSION = YES;
				CLANG_WARN_INFINITE_RECURSION = YES;
				CLANG_WARN_INT_CONVERSION = YES;
				CLANG_WARN_NON_LITERAL_NULL_CONVERSION = YES;
				CLANG_WARN_OBJC_IMPLICIT_RETAIN_SELF = YES;
				CLANG_WARN_OBJC_LITERAL_CONVERSION = YES;
				CLANG_WARN_OBJC_ROOT_CLASS = YES_ERROR;
				CLANG_WARN_RANGE_LOOP_ANALYSIS = YES;
				CLANG_WARN_STRICT_PROTOTYPES = YES;
				CLANG_WARN_SUSPICIOUS_MOVE = YES;
				CLANG_WARN_UNGUARDED_AVAILABILITY = YES_AGGRESSIVE;
				CLANG_WARN_UNREACHABLE_CODE = YES;
				CLANG_WARN__DUPLICATE_METHOD_MATCH = YES;
				CODE_SIGN_IDENTITY = "iPhone Developer";
				COPY_PHASE_STRIP = NO;
				DEBUG_INFORMATION_FORMAT = "dwarf-with-dsym";
				ENABLE_NS_ASSERTIONS = NO;
				ENABLE_STRICT_OBJC_MSGSEND = YES;
				GCC_C_LANGUAGE_STANDARD = gnu11;
				GCC_NO_COMMON_BLOCKS = YES;
				GCC_WARN_64_TO_32_BIT_CONVERSION = YES;
				GCC_WARN_ABOUT_RETURN_TYPE = YES_ERROR;
				GCC_WARN_UNDECLARED_SELECTOR = YES;
				GCC_WARN_UNINITIALIZED_AUTOS = YES_AGGRESSIVE;
				GCC_WARN_UNUSED_FUNCTION = YES;
				GCC_WARN_UNUSED_VARIABLE = YES;
				IPHONEOS_DEPLOYMENT_TARGET = 12.1;
				MTL_ENABLE_DEBUG_INFO = NO;
				MTL_FAST_MATH = YES;
				SDKROOT = iphoneos;
				SWIFT_COMPILATION_MODE = wholemodule;
				SWIFT_OPTIMIZATION_LEVEL = "-O";
				VALIDATE_PRODUCT = YES;
			};
			name = Release;
		};
		26BE674821FF3AC000BBC446 /* Debug */ = {
			isa = XCBuildConfiguration;
			baseConfigurationReference = F14D87587A01465030173EE8 /* Pods-DevHUB.debug.xcconfig */;
			buildSettings = {
				ASSETCATALOG_COMPILER_APPICON_NAME = AppIcon;
				CODE_SIGN_STYLE = Automatic;
				INFOPLIST_FILE = DevHUB/Info.plist;
				LD_RUNPATH_SEARCH_PATHS = (
					"$(inherited)",
					"@executable_path/Frameworks",
				);
				PRODUCT_BUNDLE_IDENTIFIER = com.project.DevHUB;
				PRODUCT_NAME = "$(TARGET_NAME)";
				SWIFT_VERSION = 4.2;
				TARGETED_DEVICE_FAMILY = "1,2";
			};
			name = Debug;
		};
		26BE674921FF3AC000BBC446 /* Release */ = {
			isa = XCBuildConfiguration;
			baseConfigurationReference = 9AB36DF5C7FE693796820BF2 /* Pods-DevHUB.release.xcconfig */;
			buildSettings = {
				ASSETCATALOG_COMPILER_APPICON_NAME = AppIcon;
				CODE_SIGN_STYLE = Automatic;
				INFOPLIST_FILE = DevHUB/Info.plist;
				LD_RUNPATH_SEARCH_PATHS = (
					"$(inherited)",
					"@executable_path/Frameworks",
				);
				PRODUCT_BUNDLE_IDENTIFIER = com.project.DevHUB;
				PRODUCT_NAME = "$(TARGET_NAME)";
				SWIFT_VERSION = 4.2;
				TARGETED_DEVICE_FAMILY = "1,2";
			};
			name = Release;
		};
/* End XCBuildConfiguration section */

/* Begin XCConfigurationList section */
		26BE673021FF3ABF00BBC446 /* Build configuration list for PBXProject "DevHUB" */ = {
			isa = XCConfigurationList;
			buildConfigurations = (
				26BE674521FF3AC000BBC446 /* Debug */,
				26BE674621FF3AC000BBC446 /* Release */,
			);
			defaultConfigurationIsVisible = 0;
			defaultConfigurationName = Release;
		};
		26BE674721FF3AC000BBC446 /* Build configuration list for PBXNativeTarget "DevHUB" */ = {
			isa = XCConfigurationList;
			buildConfigurations = (
				26BE674821FF3AC000BBC446 /* Debug */,
				26BE674921FF3AC000BBC446 /* Release */,
			);
			defaultConfigurationIsVisible = 0;
			defaultConfigurationName = Release;
		};
/* End XCConfigurationList section */
	};
	rootObject = 26BE672D21FF3ABF00BBC446 /* Project object */;
}
